
Microsoft Visual Studio Solution File, Format Version 12.00
# Visual Studio Version 17
VisualStudioVersion = 17.7.34202.233
MinimumVisualStudioVersion = 10.0.40219.1
Project("{9A19103F-16F7-4668-BE54-9A1E7A4F7556}") = "FirstConsoleApp", "FirstConsoleApp\FirstConsoleApp.csproj", "{03B8F447-3BEE-4C0D-82FE-1358B2054DDB}"
EndProject
Project("{9A19103F-16F7-4668-BE54-9A1E7A4F7556}") = "TrainerTraineeApp", "TrainerTraineeApp\TrainerTraineeApp.csproj", "{604B0035-3D03-4558-9B0E-7A1049A1E81B}"
EndProject
Project("{9A19103F-16F7-4668-BE54-9A1E7A4F7556}") = "OOConceptsDemo", "OOConceptsDemo\OOConceptsDemo.csproj", "{CB9AF36E-5CB6-4A1D-9999-4AF99C022F37}"
EndProject
Project("{9A19103F-16F7-4668-BE54-9A1E7A4F7556}") = "MemManagementDemo", "MemManagementDemo\MemManagementDemo.csproj", "{24432A1B-9CC5-4A32-B0D0-6B9AB63FD56B}"
EndProject
Project("{9A19103F-16F7-4668-BE54-9A1E7A4F7556}") = "SimpleMathLibrary", "SimpleMathLibrary\SimpleMathLibrary.csproj", "{E5377CE9-A953-4572-9D65-15E1CCDDFE2F}"
EndProject
Project("{9A19103F-16F7-4668-BE54-9A1E7A4F7556}") = "IDELangDemo", "IDELangDemo\IDELangDemo.csproj", "{52B3E6E2-0BCC-4DCE-AAEC-E3DA96C4619A}"
EndProject
Project("{9A19103F-16F7-4668-BE54-9A1E7A4F7556}") = "ExceptionsDemo", "ExceptionsDemo\ExceptionsDemo.csproj", "{18E05D55-7DB7-4262-9F73-801ACCB8BAD9}"
EndProject
Project("{9A19103F-16F7-4668-BE54-9A1E7A4F7556}") = "AccountManagementLibrary", "AccountManagementLibrary\AccountManagementLibrary.csproj", "{40F1390C-1C60-4D3A-BFC7-2C9BD90153EB}"
EndProject
Project("{9A19103F-16F7-4668-BE54-9A1E7A4F7556}") = "AccountManagementLibrary.TestProject", "AccountManagementLibrary.TestProject\AccountManagementLibrary.TestProject.csproj", "{9265758A-65A2-4E74-A0DB-C1982E206D74}"
EndProject
Project("{2150E333-8FDC-42A3-9474-1A3956D46DE8}") = "UnitTest", "UnitTest", "{A0F3FA4C-E45E-4E86-838D-96CDFC593369}"
EndProject
Project("{2150E333-8FDC-42A3-9474-1A3956D46DE8}") = "Delegates Demo", "Delegates Demo", "{E74F2C1B-2DBF-4841-9717-7712033F85C3}"
EndProject
Project("{9A19103F-16F7-4668-BE54-9A1E7A4F7556}") = "DelegatesDemo1", "DelegatesDemo1\DelegatesDemo1.csproj", "{7A60B281-EC39-45C7-8AD8-F58E7006A3B1}"
EndProject
Project("{9A19103F-16F7-4668-BE54-9A1E7A4F7556}") = "DelegatesDemo2", "DelegaatesDemo2\DelegatesDemo2.csproj", "{C95C16B4-4065-4CC7-B38E-50CC35BB738D}"
EndProject
Project("{9A19103F-16F7-4668-BE54-9A1E7A4F7556}") = "DelegatesDemo3", "DelegatesDemo3\DelegatesDemo3.csproj", "{3D6B0040-A3EF-40AA-87DC-92E3C65DA300}"
EndProject
Project("{9A19103F-16F7-4668-BE54-9A1E7A4F7556}") = "MTDemo1", "MTDemo1\MTDemo1.csproj", "{00F1C26F-D26A-4766-90DB-EAD00314EA98}"
EndProject
Project("{9A19103F-16F7-4668-BE54-9A1E7A4F7556}") = "MTDemo2", "MTDemo2\MTDemo2.csproj", "{B5036875-0E71-4AD4-8575-F8A8A8AAA307}"
EndProject
Project("{9A19103F-16F7-4668-BE54-9A1E7A4F7556}") = "WinFormsApp1", "WinFormsApp1\WinFormsApp1.csproj", "{C9318CED-DA36-4C46-8829-513095F20FF5}"
EndProject
Project("{9A19103F-16F7-4668-BE54-9A1E7A4F7556}") = "MTDemo4", "MTDemo4\MTDemo4.csproj", "{1D5C53BD-7E07-4A55-9D4B-36C4D6667AC7}"
EndProject
Project("{9A19103F-16F7-4668-BE54-9A1E7A4F7556}") = "MTDemo5", "MTDemo5\MTDemo5.csproj", "{BEC9D70F-A435-45D1-93D4-9D449E37774D}"
EndProject
Project("{9A19103F-16F7-4668-BE54-9A1E7A4F7556}") = "WebApplication1", "WebApplication1\WebApplication1.csproj", "{F4275D33-F90B-4AE7-898F-BFA711ADE166}"
EndProject
Project("{9A19103F-16F7-4668-BE54-9A1E7A4F7556}") = "DPDemo", "DPDemo\DPDemo.csproj", "{76D90EFE-405C-4E88-A3C6-2191D2905EE7}"
EndProject
Project("{2150E333-8FDC-42A3-9474-1A3956D46DE8}") = "Linq Demos", "Linq Demos", "{BEE176DF-AB9A-46E1-A9CE-4F72224830DF}"
EndProject
Project("{9A19103F-16F7-4668-BE54-9A1E7A4F7556}") = "LinqToObjectsDemo1", "LinqToObjectsDemo1\LinqToObjectsDemo1.csproj", "{60E98B31-CD73-4A2A-A143-1E646B9F7061}"
EndProject
Project("{9A19103F-16F7-4668-BE54-9A1E7A4F7556}") = "LinqDemo2", "LinqDemo2\LinqDemo2.csproj", "{685F9897-E15B-4BD1-BDB6-185E9A9E21E7}"
EndProject
Project("{9A19103F-16F7-4668-BE54-9A1E7A4F7556}") = "LinqDemo3", "LinqDemo3\LinqDemo3.csproj", "{98F83B41-3CE8-4D2A-9106-728AFB56B7F2}"
EndProject
Project("{9A19103F-16F7-4668-BE54-9A1E7A4F7556}") = "LinqDemo4", "LinqDemo4\LinqDemo4.csproj", "{DDDBD89E-7F3B-408C-BEF8-52120286E4D8}"
EndProject
Project("{9A19103F-16F7-4668-BE54-9A1E7A4F7556}") = "LinqDemo5", "LinqDemo5\LinqDemo5.csproj", "{2B6D76BD-93E2-4837-B207-370A58F9BC92}"
EndProject
Project("{9A19103F-16F7-4668-BE54-9A1E7A4F7556}") = "LinqDemo6", "LinqDemo6\LinqDemo6.csproj", "{BC1D2EDE-BB67-4A4D-A3B1-0B8075DA163F}"
EndProject
Project("{9A19103F-16F7-4668-BE54-9A1E7A4F7556}") = "LinqDemo7", "LinqDemo7\LinqDemo7.csproj", "{422337CD-3172-40BA-A958-D3B725039793}"
EndProject
Project("{9A19103F-16F7-4668-BE54-9A1E7A4F7556}") = "LinqDemo9", "LinqDemo9\LinqDemo9.csproj", "{9367A0D1-F430-4DA8-8E2C-F83C9C58E790}"
EndProject
Project("{9A19103F-16F7-4668-BE54-9A1E7A4F7556}") = "LinqDemo10", "LinqDemo10\LinqDemo10.csproj", "{D9B22486-1DB1-41C3-8E9D-FE664EA5839A}"
EndProject
Project("{2150E333-8FDC-42A3-9474-1A3956D46DE8}") = "EF Demos", "EF Demos", "{550EC236-AFD3-4F0D-8095-1F2E571B698B}"
EndProject
Project("{FAE04EC0-301F-11D3-BF4B-00C04F79EFBC}") = "EFDemoApp", "EFDemoApp\EFDemoApp.csproj", "{63F2F149-A2E8-4AFD-ABC5-93835C620C13}"
EndProject
Global
	GlobalSection(SolutionConfigurationPlatforms) = preSolution
		Debug|Any CPU = Debug|Any CPU
		Release|Any CPU = Release|Any CPU
	EndGlobalSection
	GlobalSection(ProjectConfigurationPlatforms) = postSolution
		{03B8F447-3BEE-4C0D-82FE-1358B2054DDB}.Debug|Any CPU.ActiveCfg = Debug|Any CPU
		{03B8F447-3BEE-4C0D-82FE-1358B2054DDB}.Debug|Any CPU.Build.0 = Debug|Any CPU
		{03B8F447-3BEE-4C0D-82FE-1358B2054DDB}.Release|Any CPU.ActiveCfg = Release|Any CPU
		{03B8F447-3BEE-4C0D-82FE-1358B2054DDB}.Release|Any CPU.Build.0 = Release|Any CPU
		{604B0035-3D03-4558-9B0E-7A1049A1E81B}.Debug|Any CPU.ActiveCfg = Debug|Any CPU
		{604B0035-3D03-4558-9B0E-7A1049A1E81B}.Debug|Any CPU.Build.0 = Debug|Any CPU
		{604B0035-3D03-4558-9B0E-7A1049A1E81B}.Release|Any CPU.ActiveCfg = Release|Any CPU
		{604B0035-3D03-4558-9B0E-7A1049A1E81B}.Release|Any CPU.Build.0 = Release|Any CPU
		{CB9AF36E-5CB6-4A1D-9999-4AF99C022F37}.Debug|Any CPU.ActiveCfg = Debug|Any CPU
		{CB9AF36E-5CB6-4A1D-9999-4AF99C022F37}.Debug|Any CPU.Build.0 = Debug|Any CPU
		{CB9AF36E-5CB6-4A1D-9999-4AF99C022F37}.Release|Any CPU.ActiveCfg = Release|Any CPU
		{CB9AF36E-5CB6-4A1D-9999-4AF99C022F37}.Release|Any CPU.Build.0 = Release|Any CPU
		{24432A1B-9CC5-4A32-B0D0-6B9AB63FD56B}.Debug|Any CPU.ActiveCfg = Debug|Any CPU
		{24432A1B-9CC5-4A32-B0D0-6B9AB63FD56B}.Debug|Any CPU.Build.0 = Debug|Any CPU
		{24432A1B-9CC5-4A32-B0D0-6B9AB63FD56B}.Release|Any CPU.ActiveCfg = Release|Any CPU
		{24432A1B-9CC5-4A32-B0D0-6B9AB63FD56B}.Release|Any CPU.Build.0 = Release|Any CPU
		{E5377CE9-A953-4572-9D65-15E1CCDDFE2F}.Debug|Any CPU.ActiveCfg = Debug|Any CPU
		{E5377CE9-A953-4572-9D65-15E1CCDDFE2F}.Debug|Any CPU.Build.0 = Debug|Any CPU
		{E5377CE9-A953-4572-9D65-15E1CCDDFE2F}.Release|Any CPU.ActiveCfg = Release|Any CPU
		{E5377CE9-A953-4572-9D65-15E1CCDDFE2F}.Release|Any CPU.Build.0 = Release|Any CPU
		{52B3E6E2-0BCC-4DCE-AAEC-E3DA96C4619A}.Debug|Any CPU.ActiveCfg = Debug|Any CPU
		{52B3E6E2-0BCC-4DCE-AAEC-E3DA96C4619A}.Debug|Any CPU.Build.0 = Debug|Any CPU
		{52B3E6E2-0BCC-4DCE-AAEC-E3DA96C4619A}.Release|Any CPU.ActiveCfg = Release|Any CPU
		{52B3E6E2-0BCC-4DCE-AAEC-E3DA96C4619A}.Release|Any CPU.Build.0 = Release|Any CPU
		{18E05D55-7DB7-4262-9F73-801ACCB8BAD9}.Debug|Any CPU.ActiveCfg = Debug|Any CPU
		{18E05D55-7DB7-4262-9F73-801ACCB8BAD9}.Debug|Any CPU.Build.0 = Debug|Any CPU
		{18E05D55-7DB7-4262-9F73-801ACCB8BAD9}.Release|Any CPU.ActiveCfg = Release|Any CPU
		{18E05D55-7DB7-4262-9F73-801ACCB8BAD9}.Release|Any CPU.Build.0 = Release|Any CPU
		{40F1390C-1C60-4D3A-BFC7-2C9BD90153EB}.Debug|Any CPU.ActiveCfg = Debug|Any CPU
		{40F1390C-1C60-4D3A-BFC7-2C9BD90153EB}.Debug|Any CPU.Build.0 = Debug|Any CPU
		{40F1390C-1C60-4D3A-BFC7-2C9BD90153EB}.Release|Any CPU.ActiveCfg = Release|Any CPU
		{40F1390C-1C60-4D3A-BFC7-2C9BD90153EB}.Release|Any CPU.Build.0 = Release|Any CPU
		{9265758A-65A2-4E74-A0DB-C1982E206D74}.Debug|Any CPU.ActiveCfg = Debug|Any CPU
		{9265758A-65A2-4E74-A0DB-C1982E206D74}.Debug|Any CPU.Build.0 = Debug|Any CPU
		{9265758A-65A2-4E74-A0DB-C1982E206D74}.Release|Any CPU.ActiveCfg = Release|Any CPU
		{9265758A-65A2-4E74-A0DB-C1982E206D74}.Release|Any CPU.Build.0 = Release|Any CPU
		{7A60B281-EC39-45C7-8AD8-F58E7006A3B1}.Debug|Any CPU.ActiveCfg = Debug|Any CPU
		{7A60B281-EC39-45C7-8AD8-F58E7006A3B1}.Debug|Any CPU.Build.0 = Debug|Any CPU
		{7A60B281-EC39-45C7-8AD8-F58E7006A3B1}.Release|Any CPU.ActiveCfg = Release|Any CPU
		{7A60B281-EC39-45C7-8AD8-F58E7006A3B1}.Release|Any CPU.Build.0 = Release|Any CPU
		{C95C16B4-4065-4CC7-B38E-50CC35BB738D}.Debug|Any CPU.ActiveCfg = Debug|Any CPU
		{C95C16B4-4065-4CC7-B38E-50CC35BB738D}.Debug|Any CPU.Build.0 = Debug|Any CPU
		{C95C16B4-4065-4CC7-B38E-50CC35BB738D}.Release|Any CPU.ActiveCfg = Release|Any CPU
		{C95C16B4-4065-4CC7-B38E-50CC35BB738D}.Release|Any CPU.Build.0 = Release|Any CPU
		{3D6B0040-A3EF-40AA-87DC-92E3C65DA300}.Debug|Any CPU.ActiveCfg = Debug|Any CPU
		{3D6B0040-A3EF-40AA-87DC-92E3C65DA300}.Debug|Any CPU.Build.0 = Debug|Any CPU
		{3D6B0040-A3EF-40AA-87DC-92E3C65DA300}.Release|Any CPU.ActiveCfg = Release|Any CPU
		{3D6B0040-A3EF-40AA-87DC-92E3C65DA300}.Release|Any CPU.Build.0 = Release|Any CPU
		{00F1C26F-D26A-4766-90DB-EAD00314EA98}.Debug|Any CPU.ActiveCfg = Debug|Any CPU
		{00F1C26F-D26A-4766-90DB-EAD00314EA98}.Debug|Any CPU.Build.0 = Debug|Any CPU
		{00F1C26F-D26A-4766-90DB-EAD00314EA98}.Release|Any CPU.ActiveCfg = Release|Any CPU
		{00F1C26F-D26A-4766-90DB-EAD00314EA98}.Release|Any CPU.Build.0 = Release|Any CPU
		{B5036875-0E71-4AD4-8575-F8A8A8AAA307}.Debug|Any CPU.ActiveCfg = Debug|Any CPU
		{B5036875-0E71-4AD4-8575-F8A8A8AAA307}.Debug|Any CPU.Build.0 = Debug|Any CPU
		{B5036875-0E71-4AD4-8575-F8A8A8AAA307}.Release|Any CPU.ActiveCfg = Release|Any CPU
		{B5036875-0E71-4AD4-8575-F8A8A8AAA307}.Release|Any CPU.Build.0 = Release|Any CPU
		{C9318CED-DA36-4C46-8829-513095F20FF5}.Debug|Any CPU.ActiveCfg = Debug|Any CPU
		{C9318CED-DA36-4C46-8829-513095F20FF5}.Debug|Any CPU.Build.0 = Debug|Any CPU
		{C9318CED-DA36-4C46-8829-513095F20FF5}.Release|Any CPU.ActiveCfg = Release|Any CPU
		{C9318CED-DA36-4C46-8829-513095F20FF5}.Release|Any CPU.Build.0 = Release|Any CPU
		{1D5C53BD-7E07-4A55-9D4B-36C4D6667AC7}.Debug|Any CPU.ActiveCfg = Debug|Any CPU
		{1D5C53BD-7E07-4A55-9D4B-36C4D6667AC7}.Debug|Any CPU.Build.0 = Debug|Any CPU
		{1D5C53BD-7E07-4A55-9D4B-36C4D6667AC7}.Release|Any CPU.ActiveCfg = Release|Any CPU
		{1D5C53BD-7E07-4A55-9D4B-36C4D6667AC7}.Release|Any CPU.Build.0 = Release|Any CPU
		{BEC9D70F-A435-45D1-93D4-9D449E37774D}.Debug|Any CPU.ActiveCfg = Debug|Any CPU
		{BEC9D70F-A435-45D1-93D4-9D449E37774D}.Debug|Any CPU.Build.0 = Debug|Any CPU
		{BEC9D70F-A435-45D1-93D4-9D449E37774D}.Release|Any CPU.ActiveCfg = Release|Any CPU
		{BEC9D70F-A435-45D1-93D4-9D449E37774D}.Release|Any CPU.Build.0 = Release|Any CPU
		{F4275D33-F90B-4AE7-898F-BFA711ADE166}.Debug|Any CPU.ActiveCfg = Debug|Any CPU
		{F4275D33-F90B-4AE7-898F-BFA711ADE166}.Debug|Any CPU.Build.0 = Debug|Any CPU
		{F4275D33-F90B-4AE7-898F-BFA711ADE166}.Release|Any CPU.ActiveCfg = Release|Any CPU
		{F4275D33-F90B-4AE7-898F-BFA711ADE166}.Release|Any CPU.Build.0 = Release|Any CPU
		{76D90EFE-405C-4E88-A3C6-2191D2905EE7}.Debug|Any CPU.ActiveCfg = Debug|Any CPU
		{76D90EFE-405C-4E88-A3C6-2191D2905EE7}.Debug|Any CPU.Build.0 = Debug|Any CPU
		{76D90EFE-405C-4E88-A3C6-2191D2905EE7}.Release|Any CPU.ActiveCfg = Release|Any CPU
		{76D90EFE-405C-4E88-A3C6-2191D2905EE7}.Release|Any CPU.Build.0 = Release|Any CPU
		{60E98B31-CD73-4A2A-A143-1E646B9F7061}.Debug|Any CPU.ActiveCfg = Debug|Any CPU
		{60E98B31-CD73-4A2A-A143-1E646B9F7061}.Debug|Any CPU.Build.0 = Debug|Any CPU
		{60E98B31-CD73-4A2A-A143-1E646B9F7061}.Release|Any CPU.ActiveCfg = Release|Any CPU
		{60E98B31-CD73-4A2A-A143-1E646B9F7061}.Release|Any CPU.Build.0 = Release|Any CPU
		{685F9897-E15B-4BD1-BDB6-185E9A9E21E7}.Debug|Any CPU.ActiveCfg = Debug|Any CPU
		{685F9897-E15B-4BD1-BDB6-185E9A9E21E7}.Debug|Any CPU.Build.0 = Debug|Any CPU
		{685F9897-E15B-4BD1-BDB6-185E9A9E21E7}.Release|Any CPU.ActiveCfg = Release|Any CPU
		{685F9897-E15B-4BD1-BDB6-185E9A9E21E7}.Release|Any CPU.Build.0 = Release|Any CPU
		{98F83B41-3CE8-4D2A-9106-728AFB56B7F2}.Debug|Any CPU.ActiveCfg = Debug|Any CPU
		{98F83B41-3CE8-4D2A-9106-728AFB56B7F2}.Debug|Any CPU.Build.0 = Debug|Any CPU
		{98F83B41-3CE8-4D2A-9106-728AFB56B7F2}.Release|Any CPU.ActiveCfg = Release|Any CPU
		{98F83B41-3CE8-4D2A-9106-728AFB56B7F2}.Release|Any CPU.Build.0 = Release|Any CPU
		{DDDBD89E-7F3B-408C-BEF8-52120286E4D8}.Debug|Any CPU.ActiveCfg = Debug|Any CPU
		{DDDBD89E-7F3B-408C-BEF8-52120286E4D8}.Debug|Any CPU.Build.0 = Debug|Any CPU
		{DDDBD89E-7F3B-408C-BEF8-52120286E4D8}.Release|Any CPU.ActiveCfg = Release|Any CPU
		{DDDBD89E-7F3B-408C-BEF8-52120286E4D8}.Release|Any CPU.Build.0 = Release|Any CPU
		{2B6D76BD-93E2-4837-B207-370A58F9BC92}.Debug|Any CPU.ActiveCfg = Debug|Any CPU
		{2B6D76BD-93E2-4837-B207-370A58F9BC92}.Debug|Any CPU.Build.0 = Debug|Any CPU
		{2B6D76BD-93E2-4837-B207-370A58F9BC92}.Release|Any CPU.ActiveCfg = Release|Any CPU
		{2B6D76BD-93E2-4837-B207-370A58F9BC92}.Release|Any CPU.Build.0 = Release|Any CPU
		{BC1D2EDE-BB67-4A4D-A3B1-0B8075DA163F}.Debug|Any CPU.ActiveCfg = Debug|Any CPU
		{BC1D2EDE-BB67-4A4D-A3B1-0B8075DA163F}.Debug|Any CPU.Build.0 = Debug|Any CPU
		{BC1D2EDE-BB67-4A4D-A3B1-0B8075DA163F}.Release|Any CPU.ActiveCfg = Release|Any CPU
		{BC1D2EDE-BB67-4A4D-A3B1-0B8075DA163F}.Release|Any CPU.Build.0 = Release|Any CPU
		{422337CD-3172-40BA-A958-D3B725039793}.Debug|Any CPU.ActiveCfg = Debug|Any CPU
		{422337CD-3172-40BA-A958-D3B725039793}.Debug|Any CPU.Build.0 = Debug|Any CPU
		{422337CD-3172-40BA-A958-D3B725039793}.Release|Any CPU.ActiveCfg = Release|Any CPU
		{422337CD-3172-40BA-A958-D3B725039793}.Release|Any CPU.Build.0 = Release|Any CPU
		{9367A0D1-F430-4DA8-8E2C-F83C9C58E790}.Debug|Any CPU.ActiveCfg = Debug|Any CPU
		{9367A0D1-F430-4DA8-8E2C-F83C9C58E790}.Debug|Any CPU.Build.0 = Debug|Any CPU
		{9367A0D1-F430-4DA8-8E2C-F83C9C58E790}.Release|Any CPU.ActiveCfg = Release|Any CPU
		{9367A0D1-F430-4DA8-8E2C-F83C9C58E790}.Release|Any CPU.Build.0 = Release|Any CPU
		{D9B22486-1DB1-41C3-8E9D-FE664EA5839A}.Debug|Any CPU.ActiveCfg = Debug|Any CPU
		{D9B22486-1DB1-41C3-8E9D-FE664EA5839A}.Debug|Any CPU.Build.0 = Debug|Any CPU
		{D9B22486-1DB1-41C3-8E9D-FE664EA5839A}.Release|Any CPU.ActiveCfg = Release|Any CPU
		{D9B22486-1DB1-41C3-8E9D-FE664EA5839A}.Release|Any CPU.Build.0 = Release|Any CPU
		{63F2F149-A2E8-4AFD-ABC5-93835C620C13}.Debug|Any CPU.ActiveCfg = Debug|Any CPU
		{63F2F149-A2E8-4AFD-ABC5-93835C620C13}.Debug|Any CPU.Build.0 = Debug|Any CPU
		{63F2F149-A2E8-4AFD-ABC5-93835C620C13}.Release|Any CPU.ActiveCfg = Release|Any CPU
		{63F2F149-A2E8-4AFD-ABC5-93835C620C13}.Release|Any CPU.Build.0 = Release|Any CPU
	EndGlobalSection
	GlobalSection(SolutionProperties) = preSolution
		HideSolutionNode = FALSE
	EndGlobalSection
	GlobalSection(NestedProjects) = preSolution
		{40F1390C-1C60-4D3A-BFC7-2C9BD90153EB} = {A0F3FA4C-E45E-4E86-838D-96CDFC593369}
		{9265758A-65A2-4E74-A0DB-C1982E206D74} = {A0F3FA4C-E45E-4E86-838D-96CDFC593369}
		{7A60B281-EC39-45C7-8AD8-F58E7006A3B1} = {E74F2C1B-2DBF-4841-9717-7712033F85C3}
		{C95C16B4-4065-4CC7-B38E-50CC35BB738D} = {E74F2C1B-2DBF-4841-9717-7712033F85C3}
		{3D6B0040-A3EF-40AA-87DC-92E3C65DA300} = {E74F2C1B-2DBF-4841-9717-7712033F85C3}
		{60E98B31-CD73-4A2A-A143-1E646B9F7061} = {BEE176DF-AB9A-46E1-A9CE-4F72224830DF}
		{685F9897-E15B-4BD1-BDB6-185E9A9E21E7} = {BEE176DF-AB9A-46E1-A9CE-4F72224830DF}
		{98F83B41-3CE8-4D2A-9106-728AFB56B7F2} = {BEE176DF-AB9A-46E1-A9CE-4F72224830DF}
		{DDDBD89E-7F3B-408C-BEF8-52120286E4D8} = {BEE176DF-AB9A-46E1-A9CE-4F72224830DF}
		{2B6D76BD-93E2-4837-B207-370A58F9BC92} = {BEE176DF-AB9A-46E1-A9CE-4F72224830DF}
		{BC1D2EDE-BB67-4A4D-A3B1-0B8075DA163F} = {BEE176DF-AB9A-46E1-A9CE-4F72224830DF}
		{422337CD-3172-40BA-A958-D3B725039793} = {BEE176DF-AB9A-46E1-A9CE-4F72224830DF}
		{9367A0D1-F430-4DA8-8E2C-F83C9C58E790} = {BEE176DF-AB9A-46E1-A9CE-4F72224830DF}
		{D9B22486-1DB1-41C3-8E9D-FE664EA5839A} = {BEE176DF-AB9A-46E1-A9CE-4F72224830DF}
		{63F2F149-A2E8-4AFD-ABC5-93835C620C13} = {550EC236-AFD3-4F0D-8095-1F2E571B698B}
	EndGlobalSection
	GlobalSection(ExtensibilityGlobals) = postSolution
		SolutionGuid = {2D6B58A8-B1D8-4CDE-82E5-A4959C097700}
	EndGlobalSection
EndGlobal
